Microsoft Visual Studio Solution File, Format Version 10.00
# Visual C++ Express 2008
Project("{8BC9CEB8-8B4A-11D0-8D11-00A0C91BC942}") = "Sinoplex", "Sinoplex.vcproj", "{C29BE9C6-5C38-4449-9270-C552BDA3B614}"
EndProject
Global
	GlobalSection(SolutionConfigurationPlatforms) = preSolution
		Debug|Win32 = Debug|Win32
		Release|Win32 = Release|Win32
	EndGlobalSection
	GlobalSection(ProjectConfigurationPlatforms) = postSolution
		{C29BE9C6-5C38-4449-9270-C552BDA3B614}.Debug|Win32.ActiveCfg = Debug|Win32
		{C29BE9C6-5C38-4449-9270-C552BDA3B614}.Debug|Win32.Build.0 = Debug|Win32
		{C29BE9C6-5C38-4449-9270-C552BDA3B614}.Release|Win32.ActiveCfg = Release|Win32
		{C29BE9C6-5C38-4449-9270-C552BDA3B614}.Release|Win32.Build.0 = Release|Win32
	EndGlobalSection
	GlobalSection(SolutionProperties) = preSolution
		HideSolutionNode = FALSE
	EndGlobalSection
EndGlobal
