// !$*UTF8*$!
{
	archiveVersion = 1;
	classes = {
	};
	objectVersion = 42;
	objects = {

/* Begin PBXBuildFile section */
		8D01CCCE0486CAD60068D4B7 /* Carbon.framework in Frameworks */ = {isa = PBXBuildFile; fileRef = 08EA7FFBFE8413EDC02AAC07 /* Carbon.framework */; };
		F74920FD0C87B0390057A327 /* audioeffect.cpp in Sources */ = {isa = PBXBuildFile; fileRef = F74920C30C87B0380057A327 /* audioeffect.cpp */; };
		F74920FE0C87B0390057A327 /* audioeffectx.cpp in Sources */ = {isa = PBXBuildFile; fileRef = F74920C50C87B0380057A327 /* audioeffectx.cpp */; };
		F74921A20C87BC160057A327 /* Symbiosis.mm in Sources */ = {isa = PBXBuildFile; fileRef = F74921A10C87BC160057A327 /* Symbiosis.mm */; };
		F74921C70C87BC270057A327 /* AudioUnit.framework in Frameworks */ = {isa = PBXBuildFile; fileRef = F74921C50C87BC270057A327 /* AudioUnit.framework */; };
		F74921C80C87BC270057A327 /* AudioToolbox.framework in Frameworks */ = {isa = PBXBuildFile; fileRef = F74921C60C87BC270057A327 /* AudioToolbox.framework */; };
		F74922890C87BECF0057A327 /* Sinoplex.r in Rez */ = {isa = PBXBuildFile; fileRef = F74921790C87BB340057A327 /* Sinoplex.r */; };
		F74922C80C87C05F0057A327 /* 3Molo.aupreset in Resources */ = {isa = PBXBuildFile; fileRef = F74922B80C87C03B0057A327 /* 3Molo.aupreset */; };
		F74922C90C87C05F0057A327 /* Add Chirps And Serve.aupreset in Resources */ = {isa = PBXBuildFile; fileRef = F74922B90C87C03B0057A327 /* Add Chirps And Serve.aupreset */; };
		F74922CA0C87C05F0057A327 /* AM dot klimax.aupreset in Resources */ = {isa = PBXBuildFile; fileRef = F74922BA0C87C03B0057A327 /* AM dot klimax.aupreset */; };
		F74922CB0C87C05F0057A327 /* Bleep Me.aupreset in Resources */ = {isa = PBXBuildFile; fileRef = F74922BB0C87C03B0057A327 /* Bleep Me.aupreset */; };
		F74922CC0C87C05F0057A327 /* Doing Doing Doing.aupreset in Resources */ = {isa = PBXBuildFile; fileRef = F74922BC0C87C03B0057A327 /* Doing Doing Doing.aupreset */; };
		F74922CD0C87C05F0057A327 /* Eat Ma Hi Fi.aupreset in Resources */ = {isa = PBXBuildFile; fileRef = F74922BD0C87C03B0057A327 /* Eat Ma Hi Fi.aupreset */; };
		F74922CE0C87C05F0057A327 /* Hi Freek.aupreset in Resources */ = {isa = PBXBuildFile; fileRef = F74922BE0C87C03B0057A327 /* Hi Freek.aupreset */; };
		F74922CF0C87C05F0057A327 /* Play Duck.aupreset in Resources */ = {isa = PBXBuildFile; fileRef = F74922BF0C87C03B0057A327 /* Play Duck.aupreset */; };
		F74922D00C87C05F0057A327 /* Rice In Sun.aupreset in Resources */ = {isa = PBXBuildFile; fileRef = F74922C00C87C03B0057A327 /* Rice In Sun.aupreset */; };
		F74922D10C87C05F0057A327 /* Stop Whining.aupreset in Resources */ = {isa = PBXBuildFile; fileRef = F74922C10C87C03B0057A327 /* Stop Whining.aupreset */; };
		F74922D20C87C05F0057A327 /* SYFactoryPresets.txt in Resources */ = {isa = PBXBuildFile; fileRef = F74922C20C87C03B0057A327 /* SYFactoryPresets.txt */; };
		F74922D30C87C05F0057A327 /* SYParameters.txt in Resources */ = {isa = PBXBuildFile; fileRef = F74922C30C87C03B0057A327 /* SYParameters.txt */; };
		F7A920940903D63C009996D9 /* Sinoplex.cpp in Sources */ = {isa = PBXBuildFile; fileRef = F7A920930903D63C009996D9 /* Sinoplex.cpp */; };
		F7A9FF96131153140062CEF8 /* Cocoa.framework in Frameworks */ = {isa = PBXBuildFile; fileRef = F7A9FF95131153140062CEF8 /* Cocoa.framework */; };
/* End PBXBuildFile section */

/* Begin PBXFileReference section */
		08EA7FFBFE8413EDC02AAC07 /* Carbon.framework */ = {isa = PBXFileReference; lastKnownFileType = wrapper.framework; name = Carbon.framework; path = /System/Library/Frameworks/Carbon.framework; sourceTree = "<absolute>"; };
		32BAE0B30371A71500C91783 /* Sinoplex_Prefix.pch */ = {isa = PBXFileReference; fileEncoding = 4; lastKnownFileType = sourcecode.c.h; path = Sinoplex_Prefix.pch; sourceTree = "<group>"; };
		8D01CCD20486CAD60068D4B7 /* Sinoplex.vst */ = {isa = PBXFileReference; explicitFileType = wrapper.cfbundle; includeInIndex = 0; path = Sinoplex.vst; sourceTree = BUILT_PRODUCTS_DIR; };
		F74920C30C87B0380057A327 /* audioeffect.cpp */ = {isa = PBXFileReference; fileEncoding = 30; lastKnownFileType = sourcecode.cpp.cpp; name = audioeffect.cpp; path = public.sdk/source/vst2.x/audioeffect.cpp; sourceTree = "<group>"; };
		F74920C40C87B0380057A327 /* audioeffect.h */ = {isa = PBXFileReference; fileEncoding = 30; lastKnownFileType = sourcecode.c.h; name = audioeffect.h; path = public.sdk/source/vst2.x/audioeffect.h; sourceTree = "<group>"; };
		F74920C50C87B0380057A327 /* audioeffectx.cpp */ = {isa = PBXFileReference; fileEncoding = 30; lastKnownFileType = sourcecode.cpp.cpp; name = audioeffectx.cpp; path = public.sdk/source/vst2.x/audioeffectx.cpp; sourceTree = "<group>"; };
		F74920C60C87B0380057A327 /* audioeffectx.h */ = {isa = PBXFileReference; fileEncoding = 30; lastKnownFileType = sourcecode.c.h; name = audioeffectx.h; path = public.sdk/source/vst2.x/audioeffectx.h; sourceTree = "<group>"; };
		F74921790C87BB340057A327 /* Sinoplex.r */ = {isa = PBXFileReference; fileEncoding = 30; lastKnownFileType = sourcecode.rez; path = Sinoplex.r; sourceTree = "<group>"; };
		F74921990C87BBC80057A327 /* Sinoplex.plist */ = {isa = PBXFileReference; fileEncoding = 30; lastKnownFileType = text.plist.xml; path = Sinoplex.plist; sourceTree = "<group>"; };
		F74921A10C87BC160057A327 /* Symbiosis.mm */ = {isa = PBXFileReference; fileEncoding = 30; lastKnownFileType = sourcecode.cpp.objcpp; name = Symbiosis.mm; path = ../../Symbiosis.mm; sourceTree = SOURCE_ROOT; };
		F74921C50C87BC270057A327 /* AudioUnit.framework */ = {isa = PBXFileReference; lastKnownFileType = wrapper.framework; name = AudioUnit.framework; path = /System/Library/Frameworks/AudioUnit.framework; sourceTree = "<absolute>"; };
		F74921C60C87BC270057A327 /* AudioToolbox.framework */ = {isa = PBXFileReference; lastKnownFileType = wrapper.framework; name = AudioToolbox.framework; path = /System/Library/Frameworks/AudioToolbox.framework; sourceTree = "<absolute>"; };
		F74922B80C87C03B0057A327 /* 3Molo.aupreset */ = {isa = PBXFileReference; fileEncoding = 30; lastKnownFileType = text.xml; path = 3Molo.aupreset; sourceTree = "<group>"; };
		F74922B90C87C03B0057A327 /* Add Chirps And Serve.aupreset */ = {isa = PBXFileReference; fileEncoding = 30; lastKnownFileType = text.xml; path = "Add Chirps And Serve.aupreset"; sourceTree = "<group>"; };
		F74922BA0C87C03B0057A327 /* AM dot klimax.aupreset */ = {isa = PBXFileReference; fileEncoding = 30; lastKnownFileType = text.xml; path = "AM dot klimax.aupreset"; sourceTree = "<group>"; };
		F74922BB0C87C03B0057A327 /* Bleep Me.aupreset */ = {isa = PBXFileReference; fileEncoding = 30; lastKnownFileType = text.xml; path = "Bleep Me.aupreset"; sourceTree = "<group>"; };
		F74922BC0C87C03B0057A327 /* Doing Doing Doing.aupreset */ = {isa = PBXFileReference; fileEncoding = 30; lastKnownFileType = text.xml; path = "Doing Doing Doing.aupreset"; sourceTree = "<group>"; };
		F74922BD0C87C03B0057A327 /* Eat Ma Hi Fi.aupreset */ = {isa = PBXFileReference; fileEncoding = 30; lastKnownFileType = text.xml; path = "Eat Ma Hi Fi.aupreset"; sourceTree = "<group>"; };
		F74922BE0C87C03B0057A327 /* Hi Freek.aupreset */ = {isa = PBXFileReference; fileEncoding = 30; lastKnownFileType = text.xml; path = "Hi Freek.aupreset"; sourceTree = "<group>"; };
		F74922BF0C87C03B0057A327 /* Play Duck.aupreset */ = {isa = PBXFileReference; fileEncoding = 30; lastKnownFileType = text.xml; path = "Play Duck.aupreset"; sourceTree = "<group>"; };
		F74922C00C87C03B0057A327 /* Rice In Sun.aupreset */ = {isa = PBXFileReference; fileEncoding = 30; lastKnownFileType = text.xml; path = "Rice In Sun.aupreset"; sourceTree = "<group>"; };
		F74922C10C87C03B0057A327 /* Stop Whining.aupreset */ = {isa = PBXFileReference; fileEncoding = 30; lastKnownFileType = text.xml; path = "Stop Whining.aupreset"; sourceTree = "<group>"; };
		F74922C20C87C03B0057A327 /* SYFactoryPresets.txt */ = {isa = PBXFileReference; fileEncoding = 30; lastKnownFileType = text; path = SYFactoryPresets.txt; sourceTree = "<group>"; };
		F74922C30C87C03B0057A327 /* SYParameters.txt */ = {isa = PBXFileReference; fileEncoding = 30; lastKnownFileType = text; path = SYParameters.txt; sourceTree = "<group>"; };
		F7A920930903D63C009996D9 /* Sinoplex.cpp */ = {isa = PBXFileReference; fileEncoding = 4; lastKnownFileType = sourcecode.cpp.cpp; path = Sinoplex.cpp; sourceTree = "<group>"; };
		F7A9FF95131153140062CEF8 /* Cocoa.framework */ = {isa = PBXFileReference; lastKnownFileType = wrapper.framework; name = Cocoa.framework; path = /System/Library/Frameworks/Cocoa.framework; sourceTree = "<absolute>"; };
/* End PBXFileReference section */

/* Begin PBXFrameworksBuildPhase section */
		8D01CCCD0486CAD60068D4B7 /* Frameworks */ = {
			isa = PBXFrameworksBuildPhase;
			buildActionMask = 2147483647;
			files = (
				8D01CCCE0486CAD60068D4B7 /* Carbon.framework in Frameworks */,
				F74921C70C87BC270057A327 /* AudioUnit.framework in Frameworks */,
				F74921C80C87BC270057A327 /* AudioToolbox.framework in Frameworks */,
				F7A9FF96131153140062CEF8 /* Cocoa.framework in Frameworks */,
			);
			runOnlyForDeploymentPostprocessing = 0;
		};
/* End PBXFrameworksBuildPhase section */

/* Begin PBXGroup section */
		089C166AFE841209C02AAC07 /* Sinoplex */ = {
			isa = PBXGroup;
			children = (
				F74921C50C87BC270057A327 /* AudioUnit.framework */,
				F74921C60C87BC270057A327 /* AudioToolbox.framework */,
				08EA7FFBFE8413EDC02AAC07 /* Carbon.framework */,
				F7A9FF95131153140062CEF8 /* Cocoa.framework */,
				F74922B70C87C03B0057A327 /* SYResources */,
				19C28FB4FE9D528D11CA2CBB /* Products */,
				F7A920930903D63C009996D9 /* Sinoplex.cpp */,
				F74921990C87BBC80057A327 /* Sinoplex.plist */,
				F74921790C87BB340057A327 /* Sinoplex.r */,
				32BAE0B30371A71500C91783 /* Sinoplex_Prefix.pch */,
				F74921A10C87BC160057A327 /* Symbiosis.mm */,
				F749207C0C87B0370057A327 /* VST2400 */,
			);
			name = Sinoplex;
			sourceTree = "<group>";
		};
		19C28FB4FE9D528D11CA2CBB /* Products */ = {
			isa = PBXGroup;
			children = (
				8D01CCD20486CAD60068D4B7 /* Sinoplex.vst */,
			);
			name = Products;
			sourceTree = "<group>";
		};
		F749207C0C87B0370057A327 /* VST2400 */ = {
			isa = PBXGroup;
			children = (
				F74920C30C87B0380057A327 /* audioeffect.cpp */,
				F74920C40C87B0380057A327 /* audioeffect.h */,
				F74920C50C87B0380057A327 /* audioeffectx.cpp */,
				F74920C60C87B0380057A327 /* audioeffectx.h */,
			);
			name = VST2400;
			path = ../../VST2400;
			sourceTree = "<group>";
		};
		F74922B70C87C03B0057A327 /* SYResources */ = {
			isa = PBXGroup;
			children = (
				F74922B80C87C03B0057A327 /* 3Molo.aupreset */,
				F74922B90C87C03B0057A327 /* Add Chirps And Serve.aupreset */,
				F74922BA0C87C03B0057A327 /* AM dot klimax.aupreset */,
				F74922BB0C87C03B0057A327 /* Bleep Me.aupreset */,
				F74922BC0C87C03B0057A327 /* Doing Doing Doing.aupreset */,
				F74922BD0C87C03B0057A327 /* Eat Ma Hi Fi.aupreset */,
				F74922BE0C87C03B0057A327 /* Hi Freek.aupreset */,
				F74922BF0C87C03B0057A327 /* Play Duck.aupreset */,
				F74922C00C87C03B0057A327 /* Rice In Sun.aupreset */,
				F74922C10C87C03B0057A327 /* Stop Whining.aupreset */,
				F74922C20C87C03B0057A327 /* SYFactoryPresets.txt */,
				F74922C30C87C03B0057A327 /* SYParameters.txt */,
			);
			path = SYResources;
			sourceTree = "<group>";
		};
/* End PBXGroup section */

/* Begin PBXNativeTarget section */
		8D01CCC60486CAD60068D4B7 /* Sinoplex */ = {
			isa = PBXNativeTarget;
			buildConfigurationList = F7A9205C0903D3A3009996D9 /* Build configuration list for PBXNativeTarget "Sinoplex" */;
			buildPhases = (
				8D01CCCB0486CAD60068D4B7 /* Sources */,
				8D01CCCD0486CAD60068D4B7 /* Frameworks */,
				F74922720C87BEAA0057A327 /* Rez */,
				F74922C40C87C0500057A327 /* Resources */,
				F74922580C87BD8B0057A327 /* ShellScript */,
			);
			buildRules = (
			);
			dependencies = (
			);
			name = Sinoplex;
			productInstallPath = "$(HOME)/Library/Bundles";
			productName = Sinoplex;
			productReference = 8D01CCD20486CAD60068D4B7 /* Sinoplex.vst */;
			productType = "com.apple.product-type.bundle";
		};
/* End PBXNativeTarget section */

/* Begin PBXProject section */
		089C1669FE841209C02AAC07 /* Project object */ = {
			isa = PBXProject;
			buildConfigurationList = F7A920600903D3A3009996D9 /* Build configuration list for PBXProject "Sinoplex" */;
			compatibilityVersion = "Xcode 2.4";
			developmentRegion = English;
			hasScannedForEncodings = 1;
			knownRegions = (
				English,
				Japanese,
				French,
				German,
			);
			mainGroup = 089C166AFE841209C02AAC07 /* Sinoplex */;
			projectDirPath = "";
			projectRoot = "";
			targets = (
				8D01CCC60486CAD60068D4B7 /* Sinoplex */,
			);
		};
/* End PBXProject section */

/* Begin PBXResourcesBuildPhase section */
		F74922C40C87C0500057A327 /* Resources */ = {
			isa = PBXResourcesBuildPhase;
			buildActionMask = 2147483647;
			files = (
				F74922C80C87C05F0057A327 /* 3Molo.aupreset in Resources */,
				F74922C90C87C05F0057A327 /* Add Chirps And Serve.aupreset in Resources */,
				F74922CA0C87C05F0057A327 /* AM dot klimax.aupreset in Resources */,
				F74922CB0C87C05F0057A327 /* Bleep Me.aupreset in Resources */,
				F74922CC0C87C05F0057A327 /* Doing Doing Doing.aupreset in Resources */,
				F74922CD0C87C05F0057A327 /* Eat Ma Hi Fi.aupreset in Resources */,
				F74922CE0C87C05F0057A327 /* Hi Freek.aupreset in Resources */,
				F74922CF0C87C05F0057A327 /* Play Duck.aupreset in Resources */,
				F74922D00C87C05F0057A327 /* Rice In Sun.aupreset in Resources */,
				F74922D10C87C05F0057A327 /* Stop Whining.aupreset in Resources */,
				F74922D20C87C05F0057A327 /* SYFactoryPresets.txt in Resources */,
				F74922D30C87C05F0057A327 /* SYParameters.txt in Resources */,
			);
			runOnlyForDeploymentPostprocessing = 0;
		};
/* End PBXResourcesBuildPhase section */

/* Begin PBXRezBuildPhase section */
		F74922720C87BEAA0057A327 /* Rez */ = {
			isa = PBXRezBuildPhase;
			buildActionMask = 2147483647;
			files = (
				F74922890C87BECF0057A327 /* Sinoplex.r in Rez */,
			);
			runOnlyForDeploymentPostprocessing = 0;
		};
/* End PBXRezBuildPhase section */

/* Begin PBXShellScriptBuildPhase section */
		F74922580C87BD8B0057A327 /* ShellScript */ = {
			isa = PBXShellScriptBuildPhase;
			buildActionMask = 12;
			files = (
			);
			inputPaths = (
			);
			outputPaths = (
			);
			runOnlyForDeploymentPostprocessing = 0;
			shellPath = /bin/sh;
			shellScript = "cd $TARGET_BUILD_DIR/../Components\nrm -f -R $PRODUCT_NAME.component\ncp -R $TARGET_BUILD_DIR/$WRAPPER_NAME $PRODUCT_NAME.component\n";
		};
/* End PBXShellScriptBuildPhase section */

/* Begin PBXSourcesBuildPhase section */
		8D01CCCB0486CAD60068D4B7 /* Sources */ = {
			isa = PBXSourcesBuildPhase;
			buildActionMask = 2147483647;
			files = (
				F7A920940903D63C009996D9 /* Sinoplex.cpp in Sources */,
				F74920FD0C87B0390057A327 /* audioeffect.cpp in Sources */,
				F74920FE0C87B0390057A327 /* audioeffectx.cpp in Sources */,
				F74921A20C87BC160057A327 /* Symbiosis.mm in Sources */,
			);
			runOnlyForDeploymentPostprocessing = 0;
		};
/* End PBXSourcesBuildPhase section */

/* Begin XCBuildConfiguration section */
		F7A9205D0903D3A3009996D9 /* Development */ = {
			isa = XCBuildConfiguration;
			buildSettings = {
				DEPLOYMENT_LOCATION = YES;
				DSTROOT = /;
				INSTALL_PATH = "/Library/Audio/Plug-Ins/VST/";
			};
			name = Development;
		};
		F7A9205E0903D3A3009996D9 /* Deployment */ = {
			isa = XCBuildConfiguration;
			buildSettings = {
				DEPLOYMENT_LOCATION = YES;
				DSTROOT = /;
				INSTALL_PATH = "/Library/Audio/Plug-Ins/VST/";
			};
			name = Deployment;
		};
		F7A920610903D3A3009996D9 /* Development */ = {
			isa = XCBuildConfiguration;
			buildSettings = {
				COPY_PHASE_STRIP = NO;
				GCC_DYNAMIC_NO_PIC = NO;
				GCC_ENABLE_FIX_AND_CONTINUE = YES;
				GCC_OPTIMIZATION_LEVEL = 0;
				GCC_PRECOMPILE_PREFIX_HEADER = YES;
				GCC_PREFIX_HEADER = Sinoplex_Prefix.pch;
				GCC_WARN_64_TO_32_BIT_CONVERSION = YES;
				GCC_WARN_ABOUT_RETURN_TYPE = YES;
				GENERATE_PKGINFO_FILE = YES;
				HEADER_SEARCH_PATHS = ../../VST2400;
				INFOPLIST_FILE = Sinoplex.plist;
				OTHER_REZFLAGS = "-d ppc_$(ppc) -d i386_$(i386) -d x86_64_$(x86_64)";
				PRODUCT_NAME = Sinoplex;
				WRAPPER_EXTENSION = vst;
				ZERO_LINK = YES;
			};
			name = Development;
		};
		F7A920620903D3A3009996D9 /* Deployment */ = {
			isa = XCBuildConfiguration;
			buildSettings = {
				ARCHS = "$(ARCHS_STANDARD_32_64_BIT_PRE_XCODE_3_1)";
				ARCHS_STANDARD_32_64_BIT_PRE_XCODE_3_1 = "x86_64 i386 ppc";
				COPY_PHASE_STRIP = YES;
				EXPORTED_SYMBOLS_FILE = SinoplexExports;
				GCC_ENABLE_FIX_AND_CONTINUE = NO;
				GCC_FAST_MATH = YES;
				GCC_GENERATE_DEBUGGING_SYMBOLS = NO;
				GCC_OPTIMIZATION_LEVEL = 3;
				GCC_PRECOMPILE_PREFIX_HEADER = YES;
				GCC_PREFIX_HEADER = Sinoplex_Prefix.pch;
				GCC_PREPROCESSOR_DEFINITIONS = NDEBUG;
				GCC_SYMBOLS_PRIVATE_EXTERN = YES;
				GCC_UNROLL_LOOPS = YES;
				GCC_WARN_64_TO_32_BIT_CONVERSION = YES;
				GCC_WARN_ABOUT_RETURN_TYPE = YES;
				GENERATE_PKGINFO_FILE = YES;
				HEADER_SEARCH_PATHS = ../../VST2400;
				INFOPLIST_FILE = Sinoplex.plist;
				OTHER_REZFLAGS = "-d ppc_$(ppc) -d i386_$(i386) -d x86_64_$(x86_64)";
				PRODUCT_NAME = Sinoplex;
				STANDARD_C_PLUS_PLUS_LIBRARY_TYPE = static;
				WRAPPER_EXTENSION = vst;
				ZERO_LINK = NO;
			};
			name = Deployment;
		};
/* End XCBuildConfiguration section */

/* Begin XCConfigurationList section */
		F7A9205C0903D3A3009996D9 /* Build configuration list for PBXNativeTarget "Sinoplex" */ = {
			isa = XCConfigurationList;
			buildConfigurations = (
				F7A9205D0903D3A3009996D9 /* Development */,
				F7A9205E0903D3A3009996D9 /* Deployment */,
			);
			defaultConfigurationIsVisible = 0;
			defaultConfigurationName = Development;
		};
		F7A920600903D3A3009996D9 /* Build configuration list for PBXProject "Sinoplex" */ = {
			isa = XCConfigurationList;
			buildConfigurations = (
				F7A920610903D3A3009996D9 /* Development */,
				F7A920620903D3A3009996D9 /* Deployment */,
			);
			defaultConfigurationIsVisible = 0;
			defaultConfigurationName = Development;
		};
/* End XCConfigurationList section */
	};
	rootObject = 089C1669FE841209C02AAC07 /* Project object */;
}
